{
  "requires": true,
  "lockfileVersion": 1,
  "dependencies": {
    "miniapp-bc-user": {
      "version": "0.0.4",
      "resolved": "https://registry.npm.taobao.org/miniapp-bc-user/download/miniapp-bc-user-0.0.4.tgz",
      "integrity": "sha1-47oVGkXxMdna2UV0+se2J3PuH70=",
      "requires": {
        "tslib": "^1.11.1"
      }
    },
    "tslib": {
      "version": "1.13.0",
      "resolved": "https://registry.npm.taobao.org/tslib/download/tslib-1.13.0.tgz",
      "integrity": "sha1-yIHhPMcBWJTtkUhi0nZDb6mkcEM="
    },
    "umtrack-alipay": {
      "version": "2.3.5",
      "resolved": "https://registry.npm.taobao.org/umtrack-alipay/download/umtrack-alipay-2.3.5.tgz",
      "integrity": "sha1-wVNZYBGTa+Q2KVDNPw3X3UMlT00="
    }
  }
}
